
Microsoft Visual Studio Solution File, Format Version 12.00
# Visual Studio Version 16
VisualStudioVersion = 16.0.29709.97
MinimumVisualStudioVersion = 10.0.40219.1
Project("{FAE04EC0-301F-11D3-BF4B-00C04F79EFBC}") = "ConsoleApp1", "ConsoleApp1.csproj", "{CCF46371-5E1B-4E69-A801-9FAF2F918E76}"
EndProject
Global
	GlobalSection(SolutionConfigurationPlatforms) = preSolution
		Debug|Any CPU = Debug|Any CPU
		Release|Any CPU = Release|Any CPU
	EndGlobalSection
	GlobalSection(ProjectConfigurationPlatforms) = postSolution
		{CCF46371-5E1B-4E69-A801-9FAF2F918E76}.Debug|Any CPU.ActiveCfg = Debug|Any CPU
		{CCF46371-5E1B-4E69-A801-9FAF2F918E76}.Debug|Any CPU.Build.0 = Debug|Any CPU
		{CCF46371-5E1B-4E69-A801-9FAF2F918E76}.Release|Any CPU.ActiveCfg = Release|Any CPU
		{CCF46371-5E1B-4E69-A801-9FAF2F918E76}.Release|Any CPU.Build.0 = Release|Any CPU
	EndGlobalSection
	GlobalSection(SolutionProperties) = preSolution
		HideSolutionNode = FALSE
	EndGlobalSection
	GlobalSection(ExtensibilityGlobals) = postSolution
		SolutionGuid = {B45E9DB3-5F4E-401D-B329-E5970DDCAB45}
	EndGlobalSection
EndGlobal
